
Microsoft Visual Studio Solution File, Format Version 12.00
# Visual Studio Version 17
VisualStudioVersion = 17.14.36408.4
MinimumVisualStudioVersion = 10.0.40219.1
Project("{FAE04EC0-301F-11D3-BF4B-00C04F79EFBC}") = "ProductApi.API", "ProductApi\ProductApi.API.csproj", "{372204FA-8AD1-58A3-C68D-CE1A9817B9E8}"
EndProject
Project("{FAE04EC0-301F-11D3-BF4B-00C04F79EFBC}") = "ProductApi.BusinessLayer", "ProductApi.BusinessLayer\ProductApi.BusinessLayer.csproj", "{44D0DB94-3135-9325-F314-EEDC1F7844AE}"
EndProject
Project("{FAE04EC0-301F-11D3-BF4B-00C04F79EFBC}") = "ProductApi.DataAccessLayer", "ProductApi.DataAccessLayer\ProductApi.DataAccessLayer.csproj", "{7A93A33E-4A5E-A768-EECC-0681AB5711B4}"
EndProject
Project("{FAE04EC0-301F-11D3-BF4B-00C04F79EFBC}") = "ProductApi.EntityLayer", "ProductApi.EntityLayer\ProductApi.EntityLayer.csproj", "{B43B4B89-B167-2ED2-C7E9-C6D1DA784A48}"
EndProject
Global
	GlobalSection(SolutionConfigurationPlatforms) = preSolution
		Debug|Any CPU = Debug|Any CPU
		Release|Any CPU = Release|Any CPU
	EndGlobalSection
	GlobalSection(ProjectConfigurationPlatforms) = postSolution
		{372204FA-8AD1-58A3-C68D-CE1A9817B9E8}.Debug|Any CPU.ActiveCfg = Debug|Any CPU
		{372204FA-8AD1-58A3-C68D-CE1A9817B9E8}.Debug|Any CPU.Build.0 = Debug|Any CPU
		{372204FA-8AD1-58A3-C68D-CE1A9817B9E8}.Release|Any CPU.ActiveCfg = Release|Any CPU
		{372204FA-8AD1-58A3-C68D-CE1A9817B9E8}.Release|Any CPU.Build.0 = Release|Any CPU
		{44D0DB94-3135-9325-F314-EEDC1F7844AE}.Debug|Any CPU.ActiveCfg = Debug|Any CPU
		{44D0DB94-3135-9325-F314-EEDC1F7844AE}.Debug|Any CPU.Build.0 = Debug|Any CPU
		{44D0DB94-3135-9325-F314-EEDC1F7844AE}.Release|Any CPU.ActiveCfg = Release|Any CPU
		{44D0DB94-3135-9325-F314-EEDC1F7844AE}.Release|Any CPU.Build.0 = Release|Any CPU
		{7A93A33E-4A5E-A768-EECC-0681AB5711B4}.Debug|Any CPU.ActiveCfg = Debug|Any CPU
		{7A93A33E-4A5E-A768-EECC-0681AB5711B4}.Debug|Any CPU.Build.0 = Debug|Any CPU
		{7A93A33E-4A5E-A768-EECC-0681AB5711B4}.Release|Any CPU.ActiveCfg = Release|Any CPU
		{7A93A33E-4A5E-A768-EECC-0681AB5711B4}.Release|Any CPU.Build.0 = Release|Any CPU
		{B43B4B89-B167-2ED2-C7E9-C6D1DA784A48}.Debug|Any CPU.ActiveCfg = Debug|Any CPU
		{B43B4B89-B167-2ED2-C7E9-C6D1DA784A48}.Debug|Any CPU.Build.0 = Debug|Any CPU
		{B43B4B89-B167-2ED2-C7E9-C6D1DA784A48}.Release|Any CPU.ActiveCfg = Release|Any CPU
		{B43B4B89-B167-2ED2-C7E9-C6D1DA784A48}.Release|Any CPU.Build.0 = Release|Any CPU
	EndGlobalSection
	GlobalSection(SolutionProperties) = preSolution
		HideSolutionNode = FALSE
	EndGlobalSection
	GlobalSection(ExtensibilityGlobals) = postSolution
		SolutionGuid = {719BCFDF-4D78-4B28-A971-A9BF19644DB3}
	EndGlobalSection
EndGlobal
